// !$*UTF8*$!
{
	archiveVersion = 1;
	classes = {
	};
	objectVersion = 46;
	objects = {

/* Begin PBXBuildFile section */
		9B8820361A07A28E006992B1 /* AppDelegate.m in Sources */ = {isa = PBXBuildFile; fileRef = 9B8820351A07A28E006992B1 /* AppDelegate.m */; };
		9B8820381A07A28E006992B1 /* main.m in Sources */ = {isa = PBXBuildFile; fileRef = 9B8820371A07A28E006992B1 /* main.m */; };
		9B88203A1A07A28E006992B1 /* Images.xcassets in Resources */ = {isa = PBXBuildFile; fileRef = 9B8820391A07A28E006992B1 /* Images.xcassets */; };
		9B88203D1A07A28E006992B1 /* MainMenu.xib in Resources */ = {isa = PBXBuildFile; fileRef = 9B88203B1A07A28E006992B1 /* MainMenu.xib */; };
		9B8820491A07A28E006992B1 /* GiffyTests.m in Sources */ = {isa = PBXBuildFile; fileRef = 9B8820481A07A28E006992B1 /* GiffyTests.m */; };
		9B8820541A07A2B3006992B1 /* GifExporter.m in Sources */ = {isa = PBXBuildFile; fileRef = 9B8820531A07A2B3006992B1 /* GifExporter.m */; };
		9B8820571A07A6C6006992B1 /* FolderLazyCollection.m in Sources */ = {isa = PBXBuildFile; fileRef = 9B8820561A07A6C6006992B1 /* FolderLazyCollection.m */; };
		9B88205A1A07FB76006992B1 /* VideoLazyCollection.m in Sources */ = {isa = PBXBuildFile; fileRef = 9B8820591A07FB76006992B1 /* VideoLazyCollection.m */; };
		A5D79DD31A08D4E700FA9F19 /* AVFoundation.framework in Frameworks */ = {isa = PBXBuildFile; fileRef = A5D79DD21A08D4E700FA9F19 /* AVFoundation.framework */; };
		A5D79DD61A08E28400FA9F19 /* AbstractLazyCollection.m in Sources */ = {isa = PBXBuildFile; fileRef = A5D79DD51A08E28400FA9F19 /* AbstractLazyCollection.m */; };
/* End PBXBuildFile section */

/* Begin PBXContainerItemProxy section */
		9B8820431A07A28E006992B1 /* PBXContainerItemProxy */ = {
			isa = PBXContainerItemProxy;
			containerPortal = 9B8820271A07A28E006992B1 /* Project object */;
			proxyType = 1;
			remoteGlobalIDString = 9B88202E1A07A28E006992B1;
			remoteInfo = Giffy;
		};
/* End PBXContainerItemProxy section */

/* Begin PBXFileReference section */
		9B88202F1A07A28E006992B1 /* Giffy.app */ = {isa = PBXFileReference; explicitFileType = wrapper.application; includeInIndex = 0; path = Giffy.app; sourceTree = BUILT_PRODUCTS_DIR; };
		9B8820331A07A28E006992B1 /* Info.plist */ = {isa = PBXFileReference; lastKnownFileType = text.plist.xml; path = Info.plist; sourceTree = "<group>"; };
		9B8820341A07A28E006992B1 /* AppDelegate.h */ = {isa = PBXFileReference; lastKnownFileType = sourcecode.c.h; path = AppDelegate.h; sourceTree = "<group>"; };
		9B8820351A07A28E006992B1 /* AppDelegate.m */ = {isa = PBXFileReference; lastKnownFileType = sourcecode.c.objc; path = AppDelegate.m; sourceTree = "<group>"; };
		9B8820371A07A28E006992B1 /* main.m */ = {isa = PBXFileReference; lastKnownFileType = sourcecode.c.objc; path = main.m; sourceTree = "<group>"; };
		9B8820391A07A28E006992B1 /* Images.xcassets */ = {isa = PBXFileReference; lastKnownFileType = folder.assetcatalog; path = Images.xcassets; sourceTree = "<group>"; };
		9B88203C1A07A28E006992B1 /* Base */ = {isa = PBXFileReference; lastKnownFileType = file.xib; name = Base; path = Base.lproj/MainMenu.xib; sourceTree = "<group>"; };
		9B8820421A07A28E006992B1 /* GiffyTests.xctest */ = {isa = PBXFileReference; explicitFileType = wrapper.cfbundle; includeInIndex = 0; path = GiffyTests.xctest; sourceTree = BUILT_PRODUCTS_DIR; };
		9B8820471A07A28E006992B1 /* Info.plist */ = {isa = PBXFileReference; lastKnownFileType = text.plist.xml; path = Info.plist; sourceTree = "<group>"; };
		9B8820481A07A28E006992B1 /* GiffyTests.m */ = {isa = PBXFileReference; lastKnownFileType = sourcecode.c.objc; path = GiffyTests.m; sourceTree = "<group>"; };
		9B8820521A07A2B3006992B1 /* GifExporter.h */ = {isa = PBXFileReference; fileEncoding = 4; lastKnownFileType = sourcecode.c.h; path = GifExporter.h; sourceTree = "<group>"; };
		9B8820531A07A2B3006992B1 /* GifExporter.m */ = {isa = PBXFileReference; fileEncoding = 4; lastKnownFileType = sourcecode.c.objc; path = GifExporter.m; sourceTree = "<group>"; };
		9B8820551A07A6C6006992B1 /* FolderLazyCollection.h */ = {isa = PBXFileReference; fileEncoding = 4; lastKnownFileType = sourcecode.c.h; path = FolderLazyCollection.h; sourceTree = "<group>"; };
		9B8820561A07A6C6006992B1 /* FolderLazyCollection.m */ = {isa = PBXFileReference; fileEncoding = 4; lastKnownFileType = sourcecode.c.objc; path = FolderLazyCollection.m; sourceTree = "<group>"; };
		9B8820581A07FB76006992B1 /* VideoLazyCollection.h */ = {isa = PBXFileReference; fileEncoding = 4; lastKnownFileType = sourcecode.c.h; path = VideoLazyCollection.h; sourceTree = "<group>"; };
		9B8820591A07FB76006992B1 /* VideoLazyCollection.m */ = {isa = PBXFileReference; fileEncoding = 4; lastKnownFileType = sourcecode.c.objc; path = VideoLazyCollection.m; sourceTree = "<group>"; };
		A5D79DD21A08D4E700FA9F19 /* AVFoundation.framework */ = {isa = PBXFileReference; lastKnownFileType = wrapper.framework; name = AVFoundation.framework; path = System/Library/Frameworks/AVFoundation.framework; sourceTree = SDKROOT; };
		A5D79DD41A08E28400FA9F19 /* AbstractLazyCollection.h */ = {isa = PBXFileReference; fileEncoding = 4; lastKnownFileType = sourcecode.c.h; path = AbstractLazyCollection.h; sourceTree = "<group>"; };
		A5D79DD51A08E28400FA9F19 /* AbstractLazyCollection.m */ = {isa = PBXFileReference; fileEncoding = 4; lastKnownFileType = sourcecode.c.objc; path = AbstractLazyCollection.m; sourceTree = "<group>"; };
/* End PBXFileReference section */

/* Begin PBXFrameworksBuildPhase section */
		9B88202C1A07A28E006992B1 /* Frameworks */ = {
			isa = PBXFrameworksBuildPhase;
			buildActionMask = 2147483647;
			files = (
				A5D79DD31A08D4E700FA9F19 /* AVFoundation.framework in Frameworks */,
			);
			runOnlyForDeploymentPostprocessing = 0;
		};
		9B88203F1A07A28E006992B1 /* Frameworks */ = {
			isa = PBXFrameworksBuildPhase;
			buildActionMask = 2147483647;
			files = (
			);
			runOnlyForDeploymentPostprocessing = 0;
		};
/* End PBXFrameworksBuildPhase section */

/* Begin PBXGroup section */
		9B8820261A07A28E006992B1 = {
			isa = PBXGroup;
			children = (
				A5D79DD21A08D4E700FA9F19 /* AVFoundation.framework */,
				9B8820311A07A28E006992B1 /* Giffy */,
				9B8820451A07A28E006992B1 /* GiffyTests */,
				9B8820301A07A28E006992B1 /* Products */,
			);
			sourceTree = "<group>";
		};
		9B8820301A07A28E006992B1 /* Products */ = {
			isa = PBXGroup;
			children = (
				9B88202F1A07A28E006992B1 /* Giffy.app */,
				9B8820421A07A28E006992B1 /* GiffyTests.xctest */,
			);
			name = Products;
			sourceTree = "<group>";
		};
		9B8820311A07A28E006992B1 /* Giffy */ = {
			isa = PBXGroup;
			children = (
				9B8820341A07A28E006992B1 /* AppDelegate.h */,
				9B8820351A07A28E006992B1 /* AppDelegate.m */,
				9B8820391A07A28E006992B1 /* Images.xcassets */,
				9B88203B1A07A28E006992B1 /* MainMenu.xib */,
				9B8820321A07A28E006992B1 /* Supporting Files */,
				9B8820521A07A2B3006992B1 /* GifExporter.h */,
				9B8820531A07A2B3006992B1 /* GifExporter.m */,
				9B8820551A07A6C6006992B1 /* FolderLazyCollection.h */,
				9B8820561A07A6C6006992B1 /* FolderLazyCollection.m */,
				9B8820581A07FB76006992B1 /* VideoLazyCollection.h */,
				9B8820591A07FB76006992B1 /* VideoLazyCollection.m */,
				A5D79DD41A08E28400FA9F19 /* AbstractLazyCollection.h */,
				A5D79DD51A08E28400FA9F19 /* AbstractLazyCollection.m */,
			);
			path = Giffy;
			sourceTree = "<group>";
		};
		9B8820321A07A28E006992B1 /* Supporting Files */ = {
			isa = PBXGroup;
			children = (
				9B8820331A07A28E006992B1 /* Info.plist */,
				9B8820371A07A28E006992B1 /* main.m */,
			);
			name = "Supporting Files";
			sourceTree = "<group>";
		};
		9B8820451A07A28E006992B1 /* GiffyTests */ = {
			isa = PBXGroup;
			children = (
				9B8820481A07A28E006992B1 /* GiffyTests.m */,
				9B8820461A07A28E006992B1 /* Supporting Files */,
			);
			path = GiffyTests;
			sourceTree = "<group>";
		};
		9B8820461A07A28E006992B1 /* Supporting Files */ = {
			isa = PBXGroup;
			children = (
				9B8820471A07A28E006992B1 /* Info.plist */,
			);
			name = "Supporting Files";
			sourceTree = "<group>";
		};
/* End PBXGroup section */

/* Begin PBXNativeTarget section */
		9B88202E1A07A28E006992B1 /* Giffy */ = {
			isa = PBXNativeTarget;
			buildConfigurationList = 9B88204C1A07A28E006992B1 /* Build configuration list for PBXNativeTarget "Giffy" */;
			buildPhases = (
				9B88202B1A07A28E006992B1 /* Sources */,
				9B88202C1A07A28E006992B1 /* Frameworks */,
				9B88202D1A07A28E006992B1 /* Resources */,
			);
			buildRules = (
			);
			dependencies = (
			);
			name = Giffy;
			productName = Giffy;
			productReference = 9B88202F1A07A28E006992B1 /* Giffy.app */;
			productType = "com.apple.product-type.application";
		};
		9B8820411A07A28E006992B1 /* GiffyTests */ = {
			isa = PBXNativeTarget;
			buildConfigurationList = 9B88204F1A07A28E006992B1 /* Build configuration list for PBXNativeTarget "GiffyTests" */;
			buildPhases = (
				9B88203E1A07A28E006992B1 /* Sources */,
				9B88203F1A07A28E006992B1 /* Frameworks */,
				9B8820401A07A28E006992B1 /* Resources */,
			);
			buildRules = (
			);
			dependencies = (
				9B8820441A07A28E006992B1 /* PBXTargetDependency */,
			);
			name = GiffyTests;
			productName = GiffyTests;
			productReference = 9B8820421A07A28E006992B1 /* GiffyTests.xctest */;
			productType = "com.apple.product-type.bundle.unit-test";
		};
/* End PBXNativeTarget section */

/* Begin PBXProject section */
		9B8820271A07A28E006992B1 /* Project object */ = {
			isa = PBXProject;
			attributes = {
				LastUpgradeCheck = 0610;
				ORGANIZATIONNAME = Ziofrtiz;
				TargetAttributes = {
					9B88202E1A07A28E006992B1 = {
						CreatedOnToolsVersion = 6.1;
					};
					9B8820411A07A28E006992B1 = {
						CreatedOnToolsVersion = 6.1;
						TestTargetID = 9B88202E1A07A28E006992B1;
					};
				};
			};
			buildConfigurationList = 9B88202A1A07A28E006992B1 /* Build configuration list for PBXProject "Giffy" */;
			compatibilityVersion = "Xcode 3.2";
			developmentRegion = English;
			hasScannedForEncodings = 0;
			knownRegions = (
				en,
				Base,
			);
			mainGroup = 9B8820261A07A28E006992B1;
			productRefGroup = 9B8820301A07A28E006992B1 /* Products */;
			projectDirPath = "";
			projectRoot = "";
			targets = (
				9B88202E1A07A28E006992B1 /* Giffy */,
				9B8820411A07A28E006992B1 /* GiffyTests */,
			);
		};
/* End PBXProject section */

/* Begin PBXResourcesBuildPhase section */
		9B88202D1A07A28E006992B1 /* Resources */ = {
			isa = PBXResourcesBuildPhase;
			buildActionMask = 2147483647;
			files = (
				9B88203A1A07A28E006992B1 /* Images.xcassets in Resources */,
				9B88203D1A07A28E006992B1 /* MainMenu.xib in Resources */,
			);
			runOnlyForDeploymentPostprocessing = 0;
		};
		9B8820401A07A28E006992B1 /* Resources */ = {
			isa = PBXResourcesBuildPhase;
			buildActionMask = 2147483647;
			files = (
			);
			runOnlyForDeploymentPostprocessing = 0;
		};
/* End PBXResourcesBuildPhase section */

/* Begin PBXSourcesBuildPhase section */
		9B88202B1A07A28E006992B1 /* Sources */ = {
			isa = PBXSourcesBuildPhase;
			buildActionMask = 2147483647;
			files = (
				9B8820571A07A6C6006992B1 /* FolderLazyCollection.m in Sources */,
				A5D79DD61A08E28400FA9F19 /* AbstractLazyCollection.m in Sources */,
				9B8820381A07A28E006992B1 /* main.m in Sources */,
				9B8820361A07A28E006992B1 /* AppDelegate.m in Sources */,
				9B88205A1A07FB76006992B1 /* VideoLazyCollection.m in Sources */,
				9B8820541A07A2B3006992B1 /* GifExporter.m in Sources */,
			);
			runOnlyForDeploymentPostprocessing = 0;
		};
		9B88203E1A07A28E006992B1 /* Sources */ = {
			isa = PBXSourcesBuildPhase;
			buildActionMask = 2147483647;
			files = (
				9B8820491A07A28E006992B1 /* GiffyTests.m in Sources */,
			);
			runOnlyForDeploymentPostprocessing = 0;
		};
/* End PBXSourcesBuildPhase section */

/* Begin PBXTargetDependency section */
		9B8820441A07A28E006992B1 /* PBXTargetDependency */ = {
			isa = PBXTargetDependency;
			target = 9B88202E1A07A28E006992B1 /* Giffy */;
			targetProxy = 9B8820431A07A28E006992B1 /* PBXContainerItemProxy */;
		};
/* End PBXTargetDependency section */

/* Begin PBXVariantGroup section */
		9B88203B1A07A28E006992B1 /* MainMenu.xib */ = {
			isa = PBXVariantGroup;
			children = (
				9B88203C1A07A28E006992B1 /* Base */,
			);
			name = MainMenu.xib;
			sourceTree = "<group>";
		};
/* End PBXVariantGroup section */

/* Begin XCBuildConfiguration section */
		9B88204A1A07A28E006992B1 /* Debug */ = {
			isa = XCBuildConfiguration;
			buildSettings = {
				ALWAYS_SEARCH_USER_PATHS = NO;
				CLANG_CXX_LANGUAGE_STANDARD = "gnu++0x";
				CLANG_CXX_LIBRARY = "libc++";
				CLANG_ENABLE_MODULES = YES;
				CLANG_ENABLE_OBJC_ARC = YES;
				CLANG_WARN_BOOL_CONVERSION = YES;
				CLANG_WARN_CONSTANT_CONVERSION = YES;
				CLANG_WARN_DIRECT_OBJC_ISA_USAGE = YES_ERROR;
				CLANG_WARN_EMPTY_BODY = YES;
				CLANG_WARN_ENUM_CONVERSION = YES;
				CLANG_WARN_INT_CONVERSION = YES;
				CLANG_WARN_OBJC_ROOT_CLASS = YES_ERROR;
				CLANG_WARN_UNREACHABLE_CODE = YES;
				CLANG_WARN__DUPLICATE_METHOD_MATCH = YES;
				CODE_SIGN_IDENTITY = "-";
				COPY_PHASE_STRIP = NO;
				ENABLE_STRICT_OBJC_MSGSEND = YES;
				GCC_C_LANGUAGE_STANDARD = gnu99;
				GCC_DYNAMIC_NO_PIC = NO;
				GCC_OPTIMIZATION_LEVEL = 0;
				GCC_PREPROCESSOR_DEFINITIONS = (
					"DEBUG=1",
					"$(inherited)",
				);
				GCC_SYMBOLS_PRIVATE_EXTERN = NO;
				GCC_WARN_64_TO_32_BIT_CONVERSION = YES;
				GCC_WARN_ABOUT_RETURN_TYPE = YES_ERROR;
				GCC_WARN_UNDECLARED_SELECTOR = YES;
				GCC_WARN_UNINITIALIZED_AUTOS = YES_AGGRESSIVE;
				GCC_WARN_UNUSED_FUNCTION = YES;
				GCC_WARN_UNUSED_VARIABLE = YES;
				MACOSX_DEPLOYMENT_TARGET = 10.10;
				MTL_ENABLE_DEBUG_INFO = YES;
				ONLY_ACTIVE_ARCH = YES;
				SDKROOT = macosx;
			};
			name = Debug;
		};
		9B88204B1A07A28E006992B1 /* Release */ = {
			isa = XCBuildConfiguration;
			buildSettings = {
				ALWAYS_SEARCH_USER_PATHS = NO;
				CLANG_CXX_LANGUAGE_STANDARD = "gnu++0x";
				CLANG_CXX_LIBRARY = "libc++";
				CLANG_ENABLE_MODULES = YES;
				CLANG_ENABLE_OBJC_ARC = YES;
				CLANG_WARN_BOOL_CONVERSION = YES;
				CLANG_WARN_CONSTANT_CONVERSION = YES;
				CLANG_WARN_DIRECT_OBJC_ISA_USAGE = YES_ERROR;
				CLANG_WARN_EMPTY_BODY = YES;
				CLANG_WARN_ENUM_CONVERSION = YES;
				CLANG_WARN_INT_CONVERSION = YES;
				CLANG_WARN_OBJC_ROOT_CLASS = YES_ERROR;
				CLANG_WARN_UNREACHABLE_CODE = YES;
				CLANG_WARN__DUPLICATE_METHOD_MATCH = YES;
				CODE_SIGN_IDENTITY = "-";
				COPY_PHASE_STRIP = YES;
				DEBUG_INFORMATION_FORMAT = "dwarf-with-dsym";
				ENABLE_NS_ASSERTIONS = NO;
				ENABLE_STRICT_OBJC_MSGSEND = YES;
				GCC_C_LANGUAGE_STANDARD = gnu99;
				GCC_WARN_64_TO_32_BIT_CONVERSION = YES;
				GCC_WARN_ABOUT_RETURN_TYPE = YES_ERROR;
				GCC_WARN_UNDECLARED_SELECTOR = YES;
				GCC_WARN_UNINITIALIZED_AUTOS = YES_AGGRESSIVE;
				GCC_WARN_UNUSED_FUNCTION = YES;
				GCC_WARN_UNUSED_VARIABLE = YES;
				MACOSX_DEPLOYMENT_TARGET = 10.10;
				MTL_ENABLE_DEBUG_INFO = NO;
				SDKROOT = macosx;
			};
			name = Release;
		};
		9B88204D1A07A28E006992B1 /* Debug */ = {
			isa = XCBuildConfiguration;
			buildSettings = {
				ASSETCATALOG_COMPILER_APPICON_NAME = AppIcon;
				COMBINE_HIDPI_IMAGES = YES;
				INFOPLIST_FILE = Giffy/Info.plist;
				LD_RUNPATH_SEARCH_PATHS = "$(inherited) @executable_path/../Frameworks";
				MACOSX_DEPLOYMENT_TARGET = 10.10;
				PRODUCT_NAME = "$(TARGET_NAME)";
			};
			name = Debug;
		};
		9B88204E1A07A28E006992B1 /* Release */ = {
			isa = XCBuildConfiguration;
			buildSettings = {
				ASSETCATALOG_COMPILER_APPICON_NAME = AppIcon;
				COMBINE_HIDPI_IMAGES = YES;
				INFOPLIST_FILE = Giffy/Info.plist;
				LD_RUNPATH_SEARCH_PATHS = "$(inherited) @executable_path/../Frameworks";
				MACOSX_DEPLOYMENT_TARGET = 10.10;
				PRODUCT_NAME = "$(TARGET_NAME)";
			};
			name = Release;
		};
		9B8820501A07A28E006992B1 /* Debug */ = {
			isa = XCBuildConfiguration;
			buildSettings = {
				BUNDLE_LOADER = "$(TEST_HOST)";
				COMBINE_HIDPI_IMAGES = YES;
				FRAMEWORK_SEARCH_PATHS = (
					"$(DEVELOPER_FRAMEWORKS_DIR)",
					"$(inherited)",
				);
				GCC_PREPROCESSOR_DEFINITIONS = (
					"DEBUG=1",
					"$(inherited)",
				);
				INFOPLIST_FILE = GiffyTests/Info.plist;
				LD_RUNPATH_SEARCH_PATHS = "$(inherited) @executable_path/../Frameworks @loader_path/../Frameworks";
				PRODUCT_NAME = "$(TARGET_NAME)";
				TEST_HOST = "$(BUILT_PRODUCTS_DIR)/Giffy.app/Contents/MacOS/Giffy";
			};
			name = Debug;
		};
		9B8820511A07A28E006992B1 /* Release */ = {
			isa = XCBuildConfiguration;
			buildSettings = {
				BUNDLE_LOADER = "$(TEST_HOST)";
				COMBINE_HIDPI_IMAGES = YES;
				FRAMEWORK_SEARCH_PATHS = (
					"$(DEVELOPER_FRAMEWORKS_DIR)",
					"$(inherited)",
				);
				INFOPLIST_FILE = GiffyTests/Info.plist;
				LD_RUNPATH_SEARCH_PATHS = "$(inherited) @executable_path/../Frameworks @loader_path/../Frameworks";
				PRODUCT_NAME = "$(TARGET_NAME)";
				TEST_HOST = "$(BUILT_PRODUCTS_DIR)/Giffy.app/Contents/MacOS/Giffy";
			};
			name = Release;
		};
/* End XCBuildConfiguration section */

/* Begin XCConfigurationList section */
		9B88202A1A07A28E006992B1 /* Build configuration list for PBXProject "Giffy" */ = {
			isa = XCConfigurationList;
			buildConfigurations = (
				9B88204A1A07A28E006992B1 /* Debug */,
				9B88204B1A07A28E006992B1 /* Release */,
			);
			defaultConfigurationIsVisible = 0;
			defaultConfigurationName = Release;
		};
		9B88204C1A07A28E006992B1 /* Build configuration list for PBXNativeTarget "Giffy" */ = {
			isa = XCConfigurationList;
			buildConfigurations = (
				9B88204D1A07A28E006992B1 /* Debug */,
				9B88204E1A07A28E006992B1 /* Release */,
			);
			defaultConfigurationIsVisible = 0;
			defaultConfigurationName = Release;
		};
		9B88204F1A07A28E006992B1 /* Build configuration list for PBXNativeTarget "GiffyTests" */ = {
			isa = XCConfigurationList;
			buildConfigurations = (
				9B8820501A07A28E006992B1 /* Debug */,
				9B8820511A07A28E006992B1 /* Release */,
			);
			defaultConfigurationIsVisible = 0;
			defaultConfigurationName = Release;
		};
/* End XCConfigurationList section */
	};
	rootObject = 9B8820271A07A28E006992B1 /* Project object */;
}
